
Microsoft Visual Studio Solution File, Format Version 12.00
# Visual Studio Version 17
VisualStudioVersion = 17.1.32210.238
MinimumVisualStudioVersion = 10.0.40219.1
Project("{FAE04EC0-301F-11D3-BF4B-00C04F79EFBC}") = "CuaHangLinhKienCode", "CuaHangLinhKienCode\CuaHangLinhKienCode.csproj", "{1B72CEDB-5472-466F-91E0-5F3EE53247D6}"
EndProject
Global
	GlobalSection(SolutionConfigurationPlatforms) = preSolution
		Debug|Any CPU = Debug|Any CPU
		Release|Any CPU = Release|Any CPU
	EndGlobalSection
	GlobalSection(ProjectConfigurationPlatforms) = postSolution
		{1B72CEDB-5472-466F-91E0-5F3EE53247D6}.Debug|Any CPU.ActiveCfg = Debug|Any CPU
		{1B72CEDB-5472-466F-91E0-5F3EE53247D6}.Debug|Any CPU.Build.0 = Debug|Any CPU
		{1B72CEDB-5472-466F-91E0-5F3EE53247D6}.Release|Any CPU.ActiveCfg = Release|Any CPU
		{1B72CEDB-5472-466F-91E0-5F3EE53247D6}.Release|Any CPU.Build.0 = Release|Any CPU
	EndGlobalSection
	GlobalSection(SolutionProperties) = preSolution
		HideSolutionNode = FALSE
	EndGlobalSection
	GlobalSection(ExtensibilityGlobals) = postSolution
		SolutionGuid = {DAFD0DE9-0871-4013-B895-8327A7F5AAEC}
	EndGlobalSection
EndGlobal
